PODS:
  - GoogleMaps (5.1.0):
    - GoogleMaps/Maps (= 5.1.0)
  - GoogleMaps/Base (5.1.0)
  - GoogleMaps/Maps (5.1.0):
    - GoogleMaps/Base

DEPENDENCIES:
  - GoogleMaps (= 5.1.0)

SPEC REPOS:
  trunk:
    - GoogleMaps

SPEC CHECKSUMS:
  GoogleMaps: 086ae1dab659eaa7339bdb30fc88e2f44e7c597c

PODFILE CHECKSUM: ee9458d6fc4b9321b48dc660c2864f81d5226a8f

COCOAPODS: 1.11.2
